schema: '2.0'
stages:
  get_data:
    cmd: python src/get_data.py
    deps:
    - path: params.yaml
      hash: md5
      md5: c3e6f334cbbe86c077e480c9fdfea90b
      size: 127
    - path: src/get_data.py
      hash: md5
      md5: 3b88734f5ea60b17e4a34696a9632ebb
      size: 605
    outs:
    - path: data/raw/tips.csv
      hash: md5
      md5: 21a1749bc760e771c7a011b17e17d17b
      size: 8188
  validate_data:
    cmd: python src/validate_data.py
    deps:
    - path: data/raw/tips.csv
      hash: md5
      md5: 21a1749bc760e771c7a011b17e17d17b
      size: 8188
    - path: src/validate_data.py
      hash: md5
      md5: 19752704e6574acee0e5535863088818
      size: 3480
    outs:
    - path: reports/validation
      hash: md5
      md5: 3a9ccbb62dc2691f0db600dcf76dc2c6.dir
      size: 2334
      nfiles: 1
  preprocess:
    cmd: python src/preprocess.py
    deps:
    - path: data/raw/tips.csv
      hash: md5
      md5: 21a1749bc760e771c7a011b17e17d17b
      size: 8188
    - path: src/preprocess.py
      hash: md5
      md5: af3fcf13cdaed340612b7b5ecff91267
      size: 391
    outs:
    - path: data/processed/dataset.csv
      hash: md5
      md5: bc8e6e714dbb45514d81ab3155f03ab9
      size: 3610
  train:
    cmd: python src/train.py
    deps:
    - path: data/processed/dataset.csv
      hash: md5
      md5: bc8e6e714dbb45514d81ab3155f03ab9
      size: 3610
    - path: params.yaml
      hash: md5
      md5: c3e6f334cbbe86c077e480c9fdfea90b
      size: 127
    - path: src/train.py
      hash: md5
      md5: 78079917872c506e2aa2a0541eab2ef1
      size: 883
    outs:
    - path: models/model.pkl
      hash: md5
      md5: de747c396efafea2cc23df0f2a9469e1
      size: 824
  evaluate:
    cmd: python src/evaluate.py
    deps:
    - path: data/processed/dataset.csv
      hash: md5
      md5: bc8e6e714dbb45514d81ab3155f03ab9
      size: 3610
    - path: models/model.pkl
      hash: md5
      md5: de747c396efafea2cc23df0f2a9469e1
      size: 824
    - path: params.yaml
      hash: md5
      md5: c3e6f334cbbe86c077e480c9fdfea90b
      size: 127
    - path: src/evaluate.py
      hash: md5
      md5: 037cf543d3048cf0eb69a66ec788e061
      size: 1271
    outs:
    - path: metrics/metrics.json
      hash: md5
      md5: c7a82bf3c34a0ad430ac5041043ebee2
      size: 76
  validate_model:
    cmd: python src/validate_model.py
    deps:
    - path: data/processed/dataset.csv
      hash: md5
      md5: bc8e6e714dbb45514d81ab3155f03ab9
      size: 3610
    - path: metrics/metrics.json
      hash: md5
      md5: c7a82bf3c34a0ad430ac5041043ebee2
      size: 76
    - path: models/model.pkl
      hash: md5
      md5: de747c396efafea2cc23df0f2a9469e1
      size: 824
    - path: params.yaml
      hash: md5
      md5: c3e6f334cbbe86c077e480c9fdfea90b
      size: 127
    - path: src/validate_model.py
      hash: md5
      md5: e6c37f83d66105ca4dfdf3aa4728e7d5
      size: 2190
